
Microsoft Visual Studio Solution File, Format Version 12.00
# Visual Studio Version 16
VisualStudioVersion = 16.0.33027.164
MinimumVisualStudioVersion = 10.0.40219.1
Project("{FAE04EC0-301F-11D3-BF4B-00C04F79EFBC}") = "Day_01", "Day_01\Day_01.csproj", "{5002B747-9E90-4F6B-A453-E04D91ADB7CA}"
EndProject
Project("{FAE04EC0-301F-11D3-BF4B-00C04F79EFBC}") = "Day_02", "Day_02\Day_02.csproj", "{3D406DDD-16CE-4218-98B5-AA41D954FF3D}"
EndProject
Project("{FAE04EC0-301F-11D3-BF4B-00C04F79EFBC}") = "Day_03", "Day_03\Day_03.csproj", "{C8314F30-4E0F-4A03-BBC9-133A34D185E2}"
EndProject
Project("{FAE04EC0-301F-11D3-BF4B-00C04F79EFBC}") = "Day_04", "Day_04\Day_04.csproj", "{E778BC1E-C656-4AC3-A764-715B8961A4A5}"
EndProject
Project("{FAE04EC0-301F-11D3-BF4B-00C04F79EFBC}") = "Day_05", "Day_05\Day_05.csproj", "{4DCDA4EC-07A4-4E9F-B349-44BE6F0BE173}"
EndProject
Project("{FAE04EC0-301F-11D3-BF4B-00C04F79EFBC}") = "Day_06", "Day_06\Day_06.csproj", "{6F0443F4-EBD1-488F-A0E1-542BA15D7835}"
EndProject
Project("{FAE04EC0-301F-11D3-BF4B-00C04F79EFBC}") = "Day_07", "Day_07\Day_07.csproj", "{090ADE99-E63E-4865-851F-5CE8D21BA299}"
EndProject
Project("{FAE04EC0-301F-11D3-BF4B-00C04F79EFBC}") = "Day_08", "Day_08\Day_08.csproj", "{1E8B274F-824D-429F-A489-9E81DCD6A4E8}"
EndProject
Project("{FAE04EC0-301F-11D3-BF4B-00C04F79EFBC}") = "Day_09", "Day_09\Day_09.csproj", "{64EFC6A8-E532-4379-96BD-7881DDD16340}"
EndProject
Project("{FAE04EC0-301F-11D3-BF4B-00C04F79EFBC}") = "Day_10", "Day_10\Day_10.csproj", "{6596DE28-ECBA-4A08-BC29-53A856BD30FD}"
EndProject
Project("{FAE04EC0-301F-11D3-BF4B-00C04F79EFBC}") = "Day_11", "Day_11\Day_11.csproj", "{D31A50F0-3D31-4D3C-9277-AAF4AB820A3B}"
EndProject
Project("{FAE04EC0-301F-11D3-BF4B-00C04F79EFBC}") = "Day_12", "Day_12\Day_12.csproj", "{8B717ADC-9EAC-43C7-9865-1E8A5D475D6B}"
EndProject
Global
	GlobalSection(SolutionConfigurationPlatforms) = preSolution
		Debug|Any CPU = Debug|Any CPU
		Release|Any CPU = Release|Any CPU
	EndGlobalSection
	GlobalSection(ProjectConfigurationPlatforms) = postSolution
		{5002B747-9E90-4F6B-A453-E04D91ADB7CA}.Debug|Any CPU.ActiveCfg = Debug|Any CPU
		{5002B747-9E90-4F6B-A453-E04D91ADB7CA}.Debug|Any CPU.Build.0 = Debug|Any CPU
		{5002B747-9E90-4F6B-A453-E04D91ADB7CA}.Release|Any CPU.ActiveCfg = Release|Any CPU
		{5002B747-9E90-4F6B-A453-E04D91ADB7CA}.Release|Any CPU.Build.0 = Release|Any CPU
		{3D406DDD-16CE-4218-98B5-AA41D954FF3D}.Debug|Any CPU.ActiveCfg = Debug|Any CPU
		{3D406DDD-16CE-4218-98B5-AA41D954FF3D}.Debug|Any CPU.Build.0 = Debug|Any CPU
		{3D406DDD-16CE-4218-98B5-AA41D954FF3D}.Release|Any CPU.ActiveCfg = Release|Any CPU
		{3D406DDD-16CE-4218-98B5-AA41D954FF3D}.Release|Any CPU.Build.0 = Release|Any CPU
		{C8314F30-4E0F-4A03-BBC9-133A34D185E2}.Debug|Any CPU.ActiveCfg = Debug|Any CPU
		{C8314F30-4E0F-4A03-BBC9-133A34D185E2}.Debug|Any CPU.Build.0 = Debug|Any CPU
		{C8314F30-4E0F-4A03-BBC9-133A34D185E2}.Release|Any CPU.ActiveCfg = Release|Any CPU
		{C8314F30-4E0F-4A03-BBC9-133A34D185E2}.Release|Any CPU.Build.0 = Release|Any CPU
		{E778BC1E-C656-4AC3-A764-715B8961A4A5}.Debug|Any CPU.ActiveCfg = Debug|Any CPU
		{E778BC1E-C656-4AC3-A764-715B8961A4A5}.Debug|Any CPU.Build.0 = Debug|Any CPU
		{E778BC1E-C656-4AC3-A764-715B8961A4A5}.Release|Any CPU.ActiveCfg = Release|Any CPU
		{E778BC1E-C656-4AC3-A764-715B8961A4A5}.Release|Any CPU.Build.0 = Release|Any CPU
		{4DCDA4EC-07A4-4E9F-B349-44BE6F0BE173}.Debug|Any CPU.ActiveCfg = Debug|Any CPU
		{4DCDA4EC-07A4-4E9F-B349-44BE6F0BE173}.Debug|Any CPU.Build.0 = Debug|Any CPU
		{4DCDA4EC-07A4-4E9F-B349-44BE6F0BE173}.Release|Any CPU.ActiveCfg = Release|Any CPU
		{4DCDA4EC-07A4-4E9F-B349-44BE6F0BE173}.Release|Any CPU.Build.0 = Release|Any CPU
		{6F0443F4-EBD1-488F-A0E1-542BA15D7835}.Debug|Any CPU.ActiveCfg = Debug|Any CPU
		{6F0443F4-EBD1-488F-A0E1-542BA15D7835}.Debug|Any CPU.Build.0 = Debug|Any CPU
		{6F0443F4-EBD1-488F-A0E1-542BA15D7835}.Release|Any CPU.ActiveCfg = Release|Any CPU
		{6F0443F4-EBD1-488F-A0E1-542BA15D7835}.Release|Any CPU.Build.0 = Release|Any CPU
		{090ADE99-E63E-4865-851F-5CE8D21BA299}.Debug|Any CPU.ActiveCfg = Debug|Any CPU
		{090ADE99-E63E-4865-851F-5CE8D21BA299}.Debug|Any CPU.Build.0 = Debug|Any CPU
		{090ADE99-E63E-4865-851F-5CE8D21BA299}.Release|Any CPU.ActiveCfg = Release|Any CPU
		{090ADE99-E63E-4865-851F-5CE8D21BA299}.Release|Any CPU.Build.0 = Release|Any CPU
		{1E8B274F-824D-429F-A489-9E81DCD6A4E8}.Debug|Any CPU.ActiveCfg = Debug|Any CPU
		{1E8B274F-824D-429F-A489-9E81DCD6A4E8}.Debug|Any CPU.Build.0 = Debug|Any CPU
		{1E8B274F-824D-429F-A489-9E81DCD6A4E8}.Release|Any CPU.ActiveCfg = Release|Any CPU
		{1E8B274F-824D-429F-A489-9E81DCD6A4E8}.Release|Any CPU.Build.0 = Release|Any CPU
		{64EFC6A8-E532-4379-96BD-7881DDD16340}.Debug|Any CPU.ActiveCfg = Debug|Any CPU
		{64EFC6A8-E532-4379-96BD-7881DDD16340}.Debug|Any CPU.Build.0 = Debug|Any CPU
		{64EFC6A8-E532-4379-96BD-7881DDD16340}.Release|Any CPU.ActiveCfg = Release|Any CPU
		{64EFC6A8-E532-4379-96BD-7881DDD16340}.Release|Any CPU.Build.0 = Release|Any CPU
		{6596DE28-ECBA-4A08-BC29-53A856BD30FD}.Debug|Any CPU.ActiveCfg = Debug|Any CPU
		{6596DE28-ECBA-4A08-BC29-53A856BD30FD}.Debug|Any CPU.Build.0 = Debug|Any CPU
		{6596DE28-ECBA-4A08-BC29-53A856BD30FD}.Release|Any CPU.ActiveCfg = Release|Any CPU
		{6596DE28-ECBA-4A08-BC29-53A856BD30FD}.Release|Any CPU.Build.0 = Release|Any CPU
		{D31A50F0-3D31-4D3C-9277-AAF4AB820A3B}.Debug|Any CPU.ActiveCfg = Debug|Any CPU
		{D31A50F0-3D31-4D3C-9277-AAF4AB820A3B}.Debug|Any CPU.Build.0 = Debug|Any CPU
		{D31A50F0-3D31-4D3C-9277-AAF4AB820A3B}.Release|Any CPU.ActiveCfg = Release|Any CPU
		{D31A50F0-3D31-4D3C-9277-AAF4AB820A3B}.Release|Any CPU.Build.0 = Release|Any CPU
		{8B717ADC-9EAC-43C7-9865-1E8A5D475D6B}.Debug|Any CPU.ActiveCfg = Debug|Any CPU
		{8B717ADC-9EAC-43C7-9865-1E8A5D475D6B}.Debug|Any CPU.Build.0 = Debug|Any CPU
		{8B717ADC-9EAC-43C7-9865-1E8A5D475D6B}.Release|Any CPU.ActiveCfg = Release|Any CPU
		{8B717ADC-9EAC-43C7-9865-1E8A5D475D6B}.Release|Any CPU.Build.0 = Release|Any CPU
	EndGlobalSection
	GlobalSection(SolutionProperties) = preSolution
		HideSolutionNode = FALSE
	EndGlobalSection
	GlobalSection(ExtensibilityGlobals) = postSolution
		SolutionGuid = {CC5859DE-9DE6-4211-8C8D-4B21A166F952}
	EndGlobalSection
EndGlobal
